
Microsoft Visual Studio Solution File, Format Version 12.00
# Visual Studio Version 17
VisualStudioVersion = 17.0.32126.317
MinimumVisualStudioVersion = 10.0.40219.1
Project("{9A19103F-16F7-4668-BE54-9A1E7A4F7556}") = "ProjektSklepu", "ProjektSklepu\ProjektSklepu.csproj", "{BC8E1431-6286-4F3F-AD32-46C0CC741B00}"
EndProject
Project("{FAE04EC0-301F-11D3-BF4B-00C04F79EFBC}") = "BD", "BD\BD.csproj", "{3F439DE8-E261-472B-9E60-B09EAE607F61}"
EndProject
Global
	GlobalSection(SolutionConfigurationPlatforms) = preSolution
		Debug|Any CPU = Debug|Any CPU
		Release|Any CPU = Release|Any CPU
	EndGlobalSection
	GlobalSection(ProjectConfigurationPlatforms) = postSolution
		{BC8E1431-6286-4F3F-AD32-46C0CC741B00}.Debug|Any CPU.ActiveCfg = Debug|Any CPU
		{BC8E1431-6286-4F3F-AD32-46C0CC741B00}.Debug|Any CPU.Build.0 = Debug|Any CPU
		{BC8E1431-6286-4F3F-AD32-46C0CC741B00}.Release|Any CPU.ActiveCfg = Release|Any CPU
		{BC8E1431-6286-4F3F-AD32-46C0CC741B00}.Release|Any CPU.Build.0 = Release|Any CPU
		{3F439DE8-E261-472B-9E60-B09EAE607F61}.Debug|Any CPU.ActiveCfg = Debug|Any CPU
		{3F439DE8-E261-472B-9E60-B09EAE607F61}.Debug|Any CPU.Build.0 = Debug|Any CPU
		{3F439DE8-E261-472B-9E60-B09EAE607F61}.Release|Any CPU.ActiveCfg = Release|Any CPU
		{3F439DE8-E261-472B-9E60-B09EAE607F61}.Release|Any CPU.Build.0 = Release|Any CPU
	EndGlobalSection
	GlobalSection(SolutionProperties) = preSolution
		HideSolutionNode = FALSE
	EndGlobalSection
	GlobalSection(ExtensibilityGlobals) = postSolution
		SolutionGuid = {BB905872-8883-4B25-BEBD-40F645584FEC}
	EndGlobalSection
EndGlobal
